// !$*UTF8*$!
{
	archiveVersion = 1;
	classes = {
	};
	objectVersion = 46;
	objects = {

/* Begin PBXBuildFile section */
		FC230F091B29BE3B00F76D99 /* AppDelegate.swift in Sources */ = {isa = PBXBuildFile; fileRef = FC230F081B29BE3B00F76D99 /* AppDelegate.swift */; };
		FC230F0B1B29BE3B00F76D99 /* ViewController.swift in Sources */ = {isa = PBXBuildFile; fileRef = FC230F0A1B29BE3B00F76D99 /* ViewController.swift */; };
		FC230F0E1B29BE3B00F76D99 /* Main.storyboard in Resources */ = {isa = PBXBuildFile; fileRef = FC230F0C1B29BE3B00F76D99 /* Main.storyboard */; };
		FC230F101B29BE3B00F76D99 /* Images.xcassets in Resources */ = {isa = PBXBuildFile; fileRef = FC230F0F1B29BE3B00F76D99 /* Images.xcassets */; };
		FC230F131B29BE3C00F76D99 /* LaunchScreen.xib in Resources */ = {isa = PBXBuildFile; fileRef = FC230F111B29BE3C00F76D99 /* LaunchScreen.xib */; };
		FC230F1F1B29BE3C00F76D99 /* Calculator_SwiftTests.swift in Sources */ = {isa = PBXBuildFile; fileRef = FC230F1E1B29BE3C00F76D99 /* Calculator_SwiftTests.swift */; };
/* End PBXBuildFile section */

/* Begin PBXContainerItemProxy section */
		FC230F191B29BE3C00F76D99 /* PBXContainerItemProxy */ = {
			isa = PBXContainerItemProxy;
			containerPortal = FC230EFB1B29BE3B00F76D99 /* Project object */;
			proxyType = 1;
			remoteGlobalIDString = FC230F021B29BE3B00F76D99;
			remoteInfo = "Calculator Swift";
		};
/* End PBXContainerItemProxy section */

/* Begin PBXFileReference section */
		FC230F031B29BE3B00F76D99 /* Calculator Swift.app */ = {isa = PBXFileReference; explicitFileType = wrapper.application; includeInIndex = 0; path = "Calculator Swift.app"; sourceTree = BUILT_PRODUCTS_DIR; };
		FC230F071B29BE3B00F76D99 /* Info.plist */ = {isa = PBXFileReference; lastKnownFileType = text.plist.xml; path = Info.plist; sourceTree = "<group>"; };
		FC230F081B29BE3B00F76D99 /* AppDelegate.swift */ = {isa = PBXFileReference; lastKnownFileType = sourcecode.swift; path = AppDelegate.swift; sourceTree = "<group>"; };
		FC230F0A1B29BE3B00F76D99 /* ViewController.swift */ = {isa = PBXFileReference; lastKnownFileType = sourcecode.swift; path = ViewController.swift; sourceTree = "<group>"; };
		FC230F0D1B29BE3B00F76D99 /* Base */ = {isa = PBXFileReference; lastKnownFileType = file.storyboard; name = Base; path = Base.lproj/Main.storyboard; sourceTree = "<group>"; };
		FC230F0F1B29BE3B00F76D99 /* Images.xcassets */ = {isa = PBXFileReference; lastKnownFileType = folder.assetcatalog; path = Images.xcassets; sourceTree = "<group>"; };
		FC230F121B29BE3C00F76D99 /* Base */ = {isa = PBXFileReference; lastKnownFileType = file.xib; name = Base; path = Base.lproj/LaunchScreen.xib; sourceTree = "<group>"; };
		FC230F181B29BE3C00F76D99 /* Calculator SwiftTests.xctest */ = {isa = PBXFileReference; explicitFileType = wrapper.cfbundle; includeInIndex = 0; path = "Calculator SwiftTests.xctest"; sourceTree = BUILT_PRODUCTS_DIR; };
		FC230F1D1B29BE3C00F76D99 /* Info.plist */ = {isa = PBXFileReference; lastKnownFileType = text.plist.xml; path = Info.plist; sourceTree = "<group>"; };
		FC230F1E1B29BE3C00F76D99 /* Calculator_SwiftTests.swift */ = {isa = PBXFileReference; lastKnownFileType = sourcecode.swift; path = Calculator_SwiftTests.swift; sourceTree = "<group>"; };
/* End PBXFileReference section */

/* Begin PBXFrameworksBuildPhase section */
		FC230F001B29BE3B00F76D99 /* Frameworks */ = {
			isa = PBXFrameworksBuildPhase;
			buildActionMask = 2147483647;
			files = (
			);
			runOnlyForDeploymentPostprocessing = 0;
		};
		FC230F151B29BE3C00F76D99 /* Frameworks */ = {
			isa = PBXFrameworksBuildPhase;
			buildActionMask = 2147483647;
			files = (
			);
			runOnlyForDeploymentPostprocessing = 0;
		};
/* End PBXFrameworksBuildPhase section */

/* Begin PBXGroup section */
		FC230EFA1B29BE3B00F76D99 = {
			isa = PBXGroup;
			children = (
				FC230F051B29BE3B00F76D99 /* Calculator Swift */,
				FC230F1B1B29BE3C00F76D99 /* Calculator SwiftTests */,
				FC230F041B29BE3B00F76D99 /* Products */,
			);
			sourceTree = "<group>";
		};
		FC230F041B29BE3B00F76D99 /* Products */ = {
			isa = PBXGroup;
			children = (
				FC230F031B29BE3B00F76D99 /* Calculator Swift.app */,
				FC230F181B29BE3C00F76D99 /* Calculator SwiftTests.xctest */,
			);
			name = Products;
			sourceTree = "<group>";
		};
		FC230F051B29BE3B00F76D99 /* Calculator Swift */ = {
			isa = PBXGroup;
			children = (
				FC230F081B29BE3B00F76D99 /* AppDelegate.swift */,
				FC230F0A1B29BE3B00F76D99 /* ViewController.swift */,
				FC230F0C1B29BE3B00F76D99 /* Main.storyboard */,
				FC230F0F1B29BE3B00F76D99 /* Images.xcassets */,
				FC230F111B29BE3C00F76D99 /* LaunchScreen.xib */,
				FC230F061B29BE3B00F76D99 /* Supporting Files */,
			);
			path = "Calculator Swift";
			sourceTree = "<group>";
		};
		FC230F061B29BE3B00F76D99 /* Supporting Files */ = {
			isa = PBXGroup;
			children = (
				FC230F071B29BE3B00F76D99 /* Info.plist */,
			);
			name = "Supporting Files";
			sourceTree = "<group>";
		};
		FC230F1B1B29BE3C00F76D99 /* Calculator SwiftTests */ = {
			isa = PBXGroup;
			children = (
				FC230F1E1B29BE3C00F76D99 /* Calculator_SwiftTests.swift */,
				FC230F1C1B29BE3C00F76D99 /* Supporting Files */,
			);
			path = "Calculator SwiftTests";
			sourceTree = "<group>";
		};
		FC230F1C1B29BE3C00F76D99 /* Supporting Files */ = {
			isa = PBXGroup;
			children = (
				FC230F1D1B29BE3C00F76D99 /* Info.plist */,
			);
			name = "Supporting Files";
			sourceTree = "<group>";
		};
/* End PBXGroup section */

/* Begin PBXNativeTarget section */
		FC230F021B29BE3B00F76D99 /* Calculator Swift */ = {
			isa = PBXNativeTarget;
			buildConfigurationList = FC230F221B29BE3C00F76D99 /* Build configuration list for PBXNativeTarget "Calculator Swift" */;
			buildPhases = (
				FC230EFF1B29BE3B00F76D99 /* Sources */,
				FC230F001B29BE3B00F76D99 /* Frameworks */,
				FC230F011B29BE3B00F76D99 /* Resources */,
			);
			buildRules = (
			);
			dependencies = (
			);
			name = "Calculator Swift";
			productName = "Calculator Swift";
			productReference = FC230F031B29BE3B00F76D99 /* Calculator Swift.app */;
			productType = "com.apple.product-type.application";
		};
		FC230F171B29BE3C00F76D99 /* Calculator SwiftTests */ = {
			isa = PBXNativeTarget;
			buildConfigurationList = FC230F251B29BE3C00F76D99 /* Build configuration list for PBXNativeTarget "Calculator SwiftTests" */;
			buildPhases = (
				FC230F141B29BE3C00F76D99 /* Sources */,
				FC230F151B29BE3C00F76D99 /* Frameworks */,
				FC230F161B29BE3C00F76D99 /* Resources */,
			);
			buildRules = (
			);
			dependencies = (
				FC230F1A1B29BE3C00F76D99 /* PBXTargetDependency */,
			);
			name = "Calculator SwiftTests";
			productName = "Calculator SwiftTests";
			productReference = FC230F181B29BE3C00F76D99 /* Calculator SwiftTests.xctest */;
			productType = "com.apple.product-type.bundle.unit-test";
		};
/* End PBXNativeTarget section */

/* Begin PBXProject section */
		FC230EFB1B29BE3B00F76D99 /* Project object */ = {
			isa = PBXProject;
			attributes = {
				LastUpgradeCheck = 0630;
				ORGANIZATIONNAME = DuberFam;
				TargetAttributes = {
					FC230F021B29BE3B00F76D99 = {
						CreatedOnToolsVersion = 6.3.2;
					};
					FC230F171B29BE3C00F76D99 = {
						CreatedOnToolsVersion = 6.3.2;
						TestTargetID = FC230F021B29BE3B00F76D99;
					};
				};
			};
			buildConfigurationList = FC230EFE1B29BE3B00F76D99 /* Build configuration list for PBXProject "Calculator Swift" */;
			compatibilityVersion = "Xcode 3.2";
			developmentRegion = English;
			hasScannedForEncodings = 0;
			knownRegions = (
				en,
				Base,
			);
			mainGroup = FC230EFA1B29BE3B00F76D99;
			productRefGroup = FC230F041B29BE3B00F76D99 /* Products */;
			projectDirPath = "";
			projectRoot = "";
			targets = (
				FC230F021B29BE3B00F76D99 /* Calculator Swift */,
				FC230F171B29BE3C00F76D99 /* Calculator SwiftTests */,
			);
		};
/* End PBXProject section */

/* Begin PBXResourcesBuildPhase section */
		FC230F011B29BE3B00F76D99 /* Resources */ = {
			isa = PBXResourcesBuildPhase;
			buildActionMask = 2147483647;
			files = (
				FC230F0E1B29BE3B00F76D99 /* Main.storyboard in Resources */,
				FC230F131B29BE3C00F76D99 /* LaunchScreen.xib in Resources */,
				FC230F101B29BE3B00F76D99 /* Images.xcassets in Resources */,
			);
			runOnlyForDeploymentPostprocessing = 0;
		};
		FC230F161B29BE3C00F76D99 /* Resources */ = {
			isa = PBXResourcesBuildPhase;
			buildActionMask = 2147483647;
			files = (
			);
			runOnlyForDeploymentPostprocessing = 0;
		};
/* End PBXResourcesBuildPhase section */

/* Begin PBXSourcesBuildPhase section */
		FC230EFF1B29BE3B00F76D99 /* Sources */ = {
			isa = PBXSourcesBuildPhase;
			buildActionMask = 2147483647;
			files = (
				FC230F0B1B29BE3B00F76D99 /* ViewController.swift in Sources */,
				FC230F091B29BE3B00F76D99 /* AppDelegate.swift in Sources */,
			);
			runOnlyForDeploymentPostprocessing = 0;
		};
		FC230F141B29BE3C00F76D99 /* Sources */ = {
			isa = PBXSourcesBuildPhase;
			buildActionMask = 2147483647;
			files = (
				FC230F1F1B29BE3C00F76D99 /* Calculator_SwiftTests.swift in Sources */,
			);
			runOnlyForDeploymentPostprocessing = 0;
		};
/* End PBXSourcesBuildPhase section */

/* Begin PBXTargetDependency section */
		FC230F1A1B29BE3C00F76D99 /* PBXTargetDependency */ = {
			isa = PBXTargetDependency;
			target = FC230F021B29BE3B00F76D99 /* Calculator Swift */;
			targetProxy = FC230F191B29BE3C00F76D99 /* PBXContainerItemProxy */;
		};
/* End PBXTargetDependency section */

/* Begin PBXVariantGroup section */
		FC230F0C1B29BE3B00F76D99 /* Main.storyboard */ = {
			isa = PBXVariantGroup;
			children = (
				FC230F0D1B29BE3B00F76D99 /* Base */,
			);
			name = Main.storyboard;
			sourceTree = "<group>";
		};
		FC230F111B29BE3C00F76D99 /* LaunchScreen.xib */ = {
			isa = PBXVariantGroup;
			children = (
				FC230F121B29BE3C00F76D99 /* Base */,
			);
			name = LaunchScreen.xib;
			sourceTree = "<group>";
		};
/* End PBXVariantGroup section */

/* Begin XCBuildConfiguration section */
		FC230F201B29BE3C00F76D99 /* Debug */ = {
			isa = XCBuildConfiguration;
			buildSettings = {
				ALWAYS_SEARCH_USER_PATHS = NO;
				CLANG_CXX_LANGUAGE_STANDARD = "gnu++0x";
				CLANG_CXX_LIBRARY = "libc++";
				CLANG_ENABLE_MODULES = YES;
				CLANG_ENABLE_OBJC_ARC = YES;
				CLANG_WARN_BOOL_CONVERSION = YES;
				CLANG_WARN_CONSTANT_CONVERSION = YES;
				CLANG_WARN_DIRECT_OBJC_ISA_USAGE = YES_ERROR;
				CLANG_WARN_EMPTY_BODY = YES;
				CLANG_WARN_ENUM_CONVERSION = YES;
				CLANG_WARN_INT_CONVERSION = YES;
				CLANG_WARN_OBJC_ROOT_CLASS = YES_ERROR;
				CLANG_WARN_UNREACHABLE_CODE = YES;
				CLANG_WARN__DUPLICATE_METHOD_MATCH = YES;
				"CODE_SIGN_IDENTITY[sdk=iphoneos*]" = "iPhone Developer";
				COPY_PHASE_STRIP = NO;
				DEBUG_INFORMATION_FORMAT = "dwarf-with-dsym";
				ENABLE_STRICT_OBJC_MSGSEND = YES;
				GCC_C_LANGUAGE_STANDARD = gnu99;
				GCC_DYNAMIC_NO_PIC = NO;
				GCC_NO_COMMON_BLOCKS = YES;
				GCC_OPTIMIZATION_LEVEL = 0;
				GCC_PREPROCESSOR_DEFINITIONS = (
					"DEBUG=1",
					"$(inherited)",
				);
				GCC_SYMBOLS_PRIVATE_EXTERN = NO;
				GCC_WARN_64_TO_32_BIT_CONVERSION = YES;
				GCC_WARN_ABOUT_RETURN_TYPE = YES_ERROR;
				GCC_WARN_UNDECLARED_SELECTOR = YES;
				GCC_WARN_UNINITIALIZED_AUTOS = YES_AGGRESSIVE;
				GCC_WARN_UNUSED_FUNCTION = YES;
				GCC_WARN_UNUSED_VARIABLE = YES;
				IPHONEOS_DEPLOYMENT_TARGET = 8.3;
				MTL_ENABLE_DEBUG_INFO = YES;
				ONLY_ACTIVE_ARCH = YES;
				SDKROOT = iphoneos;
				SWIFT_OPTIMIZATION_LEVEL = "-Onone";
			};
			name = Debug;
		};
		FC230F211B29BE3C00F76D99 /* Release */ = {
			isa = XCBuildConfiguration;
			buildSettings = {
				ALWAYS_SEARCH_USER_PATHS = NO;
				CLANG_CXX_LANGUAGE_STANDARD = "gnu++0x";
				CLANG_CXX_LIBRARY = "libc++";
				CLANG_ENABLE_MODULES = YES;
				CLANG_ENABLE_OBJC_ARC = YES;
				CLANG_WARN_BOOL_CONVERSION = YES;
				CLANG_WARN_CONSTANT_CONVERSION = YES;
				CLANG_WARN_DIRECT_OBJC_ISA_USAGE = YES_ERROR;
				CLANG_WARN_EMPTY_BODY = YES;
				CLANG_WARN_ENUM_CONVERSION = YES;
				CLANG_WARN_INT_CONVERSION = YES;
				CLANG_WARN_OBJC_ROOT_CLASS = YES_ERROR;
				CLANG_WARN_UNREACHABLE_CODE = YES;
				CLANG_WARN__DUPLICATE_METHOD_MATCH = YES;
				"CODE_SIGN_IDENTITY[sdk=iphoneos*]" = "iPhone Developer";
				COPY_PHASE_STRIP = NO;
				DEBUG_INFORMATION_FORMAT = "dwarf-with-dsym";
				ENABLE_NS_ASSERTIONS = NO;
				ENABLE_STRICT_OBJC_MSGSEND = YES;
				GCC_C_LANGUAGE_STANDARD = gnu99;
				GCC_NO_COMMON_BLOCKS = YES;
				GCC_WARN_64_TO_32_BIT_CONVERSION = YES;
				GCC_WARN_ABOUT_RETURN_TYPE = YES_ERROR;
				GCC_WARN_UNDECLARED_SELECTOR = YES;
				GCC_WARN_UNINITIALIZED_AUTOS = YES_AGGRESSIVE;
				GCC_WARN_UNUSED_FUNCTION = YES;
				GCC_WARN_UNUSED_VARIABLE = YES;
				IPHONEOS_DEPLOYMENT_TARGET = 8.3;
				MTL_ENABLE_DEBUG_INFO = NO;
				SDKROOT = iphoneos;
				VALIDATE_PRODUCT = YES;
			};
			name = Release;
		};
		FC230F231B29BE3C00F76D99 /* Debug */ = {
			isa = XCBuildConfiguration;
			buildSettings = {
				ASSETCATALOG_COMPILER_APPICON_NAME = AppIcon;
				INFOPLIST_FILE = "Calculator Swift/Info.plist";
				LD_RUNPATH_SEARCH_PATHS = "$(inherited) @executable_path/Frameworks";
				PRODUCT_NAME = "$(TARGET_NAME)";
			};
			name = Debug;
		};
		FC230F241B29BE3C00F76D99 /* Release */ = {
			isa = XCBuildConfiguration;
			buildSettings = {
				ASSETCATALOG_COMPILER_APPICON_NAME = AppIcon;
				INFOPLIST_FILE = "Calculator Swift/Info.plist";
				LD_RUNPATH_SEARCH_PATHS = "$(inherited) @executable_path/Frameworks";
				PRODUCT_NAME = "$(TARGET_NAME)";
			};
			name = Release;
		};
		FC230F261B29BE3C00F76D99 /* Debug */ = {
			isa = XCBuildConfiguration;
			buildSettings = {
				BUNDLE_LOADER = "$(TEST_HOST)";
				FRAMEWORK_SEARCH_PATHS = (
					"$(SDKROOT)/Developer/Library/Frameworks",
					"$(inherited)",
				);
				GCC_PREPROCESSOR_DEFINITIONS = (
					"DEBUG=1",
					"$(inherited)",
				);
				INFOPLIST_FILE = "Calculator SwiftTests/Info.plist";
				LD_RUNPATH_SEARCH_PATHS = "$(inherited) @executable_path/Frameworks @loader_path/Frameworks";
				PRODUCT_NAME = "$(TARGET_NAME)";
				TEST_HOST = "$(BUILT_PRODUCTS_DIR)/Calculator Swift.app/Calculator Swift";
			};
			name = Debug;
		};
		FC230F271B29BE3C00F76D99 /* Release */ = {
			isa = XCBuildConfiguration;
			buildSettings = {
				BUNDLE_LOADER = "$(TEST_HOST)";
				FRAMEWORK_SEARCH_PATHS = (
					"$(SDKROOT)/Developer/Library/Frameworks",
					"$(inherited)",
				);
				INFOPLIST_FILE = "Calculator SwiftTests/Info.plist";
				LD_RUNPATH_SEARCH_PATHS = "$(inherited) @executable_path/Frameworks @loader_path/Frameworks";
				PRODUCT_NAME = "$(TARGET_NAME)";
				TEST_HOST = "$(BUILT_PRODUCTS_DIR)/Calculator Swift.app/Calculator Swift";
			};
			name = Release;
		};
/* End XCBuildConfiguration section */

/* Begin XCConfigurationList section */
		FC230EFE1B29BE3B00F76D99 /* Build configuration list for PBXProject "Calculator Swift" */ = {
			isa = XCConfigurationList;
			buildConfigurations = (
				FC230F201B29BE3C00F76D99 /* Debug */,
				FC230F211B29BE3C00F76D99 /* Release */,
			);
			defaultConfigurationIsVisible = 0;
			defaultConfigurationName = Release;
		};
		FC230F221B29BE3C00F76D99 /* Build configuration list for PBXNativeTarget "Calculator Swift" */ = {
			isa = XCConfigurationList;
			buildConfigurations = (
				FC230F231B29BE3C00F76D99 /* Debug */,
				FC230F241B29BE3C00F76D99 /* Release */,
			);
			defaultConfigurationIsVisible = 0;
		};
		FC230F251B29BE3C00F76D99 /* Build configuration list for PBXNativeTarget "Calculator SwiftTests" */ = {
			isa = XCConfigurationList;
			buildConfigurations = (
				FC230F261B29BE3C00F76D99 /* Debug */,
				FC230F271B29BE3C00F76D99 /* Release */,
			);
			defaultConfigurationIsVisible = 0;
		};
/* End XCConfigurationList section */
	};
	rootObject = FC230EFB1B29BE3B00F76D99 /* Project object */;
}
