// !$*UTF8*$!
{
	archiveVersion = 1;
	classes = {
	};
	objectVersion = 46;
	objects = {

/* Begin PBXBuildFile section */
		0BA0FCD61948C88B0008EB27 /* Foundation.framework in Frameworks */ = {isa = PBXBuildFile; fileRef = 0BA0FCD51948C88B0008EB27 /* Foundation.framework */; };
		0BA0FCD81948C88B0008EB27 /* CoreGraphics.framework in Frameworks */ = {isa = PBXBuildFile; fileRef = 0BA0FCD71948C88B0008EB27 /* CoreGraphics.framework */; };
		0BA0FCDA1948C88B0008EB27 /* UIKit.framework in Frameworks */ = {isa = PBXBuildFile; fileRef = 0BA0FCD91948C88B0008EB27 /* UIKit.framework */; };
		0BA0FCE01948C88B0008EB27 /* InfoPlist.strings in Resources */ = {isa = PBXBuildFile; fileRef = 0BA0FCDE1948C88B0008EB27 /* InfoPlist.strings */; };
		0BA0FCE21948C88B0008EB27 /* main.m in Sources */ = {isa = PBXBuildFile; fileRef = 0BA0FCE11948C88B0008EB27 /* main.m */; };
		0BA0FCE61948C88B0008EB27 /* AppDelegate.m in Sources */ = {isa = PBXBuildFile; fileRef = 0BA0FCE51948C88B0008EB27 /* AppDelegate.m */; };
		0BA0FCE91948C88B0008EB27 /* Main.storyboard in Resources */ = {isa = PBXBuildFile; fileRef = 0BA0FCE71948C88B0008EB27 /* Main.storyboard */; };
		0BA0FCEC1948C88B0008EB27 /* ViewController.m in Sources */ = {isa = PBXBuildFile; fileRef = 0BA0FCEB1948C88B0008EB27 /* ViewController.m */; };
		0BA0FCEE1948C88B0008EB27 /* Images.xcassets in Resources */ = {isa = PBXBuildFile; fileRef = 0BA0FCED1948C88B0008EB27 /* Images.xcassets */; };
		0BA0FCF51948C88B0008EB27 /* XCTest.framework in Frameworks */ = {isa = PBXBuildFile; fileRef = 0BA0FCF41948C88B0008EB27 /* XCTest.framework */; };
		0BA0FCF61948C88B0008EB27 /* Foundation.framework in Frameworks */ = {isa = PBXBuildFile; fileRef = 0BA0FCD51948C88B0008EB27 /* Foundation.framework */; };
		0BA0FCF71948C88B0008EB27 /* UIKit.framework in Frameworks */ = {isa = PBXBuildFile; fileRef = 0BA0FCD91948C88B0008EB27 /* UIKit.framework */; };
		0BA0FCFF1948C88B0008EB27 /* InfoPlist.strings in Resources */ = {isa = PBXBuildFile; fileRef = 0BA0FCFD1948C88B0008EB27 /* InfoPlist.strings */; };
		0BA0FD011948C88B0008EB27 /* Doodle_JumpTests.m in Sources */ = {isa = PBXBuildFile; fileRef = 0BA0FD001948C88B0008EB27 /* Doodle_JumpTests.m */; };
		0BA0FD161948C9F00008EB27 /* BallNormal.png in Resources */ = {isa = PBXBuildFile; fileRef = 0BA0FD121948C9F00008EB27 /* BallNormal.png */; };
		0BA0FD171948C9F00008EB27 /* Flat.png in Resources */ = {isa = PBXBuildFile; fileRef = 0BA0FD131948C9F00008EB27 /* Flat.png */; };
		0BA0FD181948C9F00008EB27 /* Platform.png in Resources */ = {isa = PBXBuildFile; fileRef = 0BA0FD141948C9F00008EB27 /* Platform.png */; };
		0BA0FD191948C9F00008EB27 /* SlightlySquished.png in Resources */ = {isa = PBXBuildFile; fileRef = 0BA0FD151948C9F00008EB27 /* SlightlySquished.png */; };
		0BA0FD1C1948CC750008EB27 /* Game.m in Sources */ = {isa = PBXBuildFile; fileRef = 0BA0FD1B1948CC750008EB27 /* Game.m */; };
/* End PBXBuildFile section */

/* Begin PBXContainerItemProxy section */
		0BA0FCF81948C88B0008EB27 /* PBXContainerItemProxy */ = {
			isa = PBXContainerItemProxy;
			containerPortal = 0BA0FCCA1948C88B0008EB27 /* Project object */;
			proxyType = 1;
			remoteGlobalIDString = 0BA0FCD11948C88B0008EB27;
			remoteInfo = "Doodle Jump";
		};
/* End PBXContainerItemProxy section */

/* Begin PBXFileReference section */
		0BA0FCD21948C88B0008EB27 /* Doodle Jump.app */ = {isa = PBXFileReference; explicitFileType = wrapper.application; includeInIndex = 0; path = "Doodle Jump.app"; sourceTree = BUILT_PRODUCTS_DIR; };
		0BA0FCD51948C88B0008EB27 /* Foundation.framework */ = {isa = PBXFileReference; lastKnownFileType = wrapper.framework; name = Foundation.framework; path = System/Library/Frameworks/Foundation.framework; sourceTree = SDKROOT; };
		0BA0FCD71948C88B0008EB27 /* CoreGraphics.framework */ = {isa = PBXFileReference; lastKnownFileType = wrapper.framework; name = CoreGraphics.framework; path = System/Library/Frameworks/CoreGraphics.framework; sourceTree = SDKROOT; };
		0BA0FCD91948C88B0008EB27 /* UIKit.framework */ = {isa = PBXFileReference; lastKnownFileType = wrapper.framework; name = UIKit.framework; path = System/Library/Frameworks/UIKit.framework; sourceTree = SDKROOT; };
		0BA0FCDD1948C88B0008EB27 /* Doodle Jump-Info.plist */ = {isa = PBXFileReference; lastKnownFileType = text.plist.xml; path = "Doodle Jump-Info.plist"; sourceTree = "<group>"; };
		0BA0FCDF1948C88B0008EB27 /* en */ = {isa = PBXFileReference; lastKnownFileType = text.plist.strings; name = en; path = en.lproj/InfoPlist.strings; sourceTree = "<group>"; };
		0BA0FCE11948C88B0008EB27 /* main.m */ = {isa = PBXFileReference; lastKnownFileType = sourcecode.c.objc; path = main.m; sourceTree = "<group>"; };
		0BA0FCE31948C88B0008EB27 /* Doodle Jump-Prefix.pch */ = {isa = PBXFileReference; lastKnownFileType = sourcecode.c.h; path = "Doodle Jump-Prefix.pch"; sourceTree = "<group>"; };
		0BA0FCE41948C88B0008EB27 /* AppDelegate.h */ = {isa = PBXFileReference; lastKnownFileType = sourcecode.c.h; path = AppDelegate.h; sourceTree = "<group>"; };
		0BA0FCE51948C88B0008EB27 /* AppDelegate.m */ = {isa = PBXFileReference; lastKnownFileType = sourcecode.c.objc; path = AppDelegate.m; sourceTree = "<group>"; };
		0BA0FCE81948C88B0008EB27 /* Base */ = {isa = PBXFileReference; lastKnownFileType = file.storyboard; name = Base; path = Base.lproj/Main.storyboard; sourceTree = "<group>"; };
		0BA0FCEA1948C88B0008EB27 /* ViewController.h */ = {isa = PBXFileReference; lastKnownFileType = sourcecode.c.h; path = ViewController.h; sourceTree = "<group>"; };
		0BA0FCEB1948C88B0008EB27 /* ViewController.m */ = {isa = PBXFileReference; lastKnownFileType = sourcecode.c.objc; path = ViewController.m; sourceTree = "<group>"; };
		0BA0FCED1948C88B0008EB27 /* Images.xcassets */ = {isa = PBXFileReference; lastKnownFileType = folder.assetcatalog; path = Images.xcassets; sourceTree = "<group>"; };
		0BA0FCF31948C88B0008EB27 /* Doodle JumpTests.xctest */ = {isa = PBXFileReference; explicitFileType = wrapper.cfbundle; includeInIndex = 0; path = "Doodle JumpTests.xctest"; sourceTree = BUILT_PRODUCTS_DIR; };
		0BA0FCF41948C88B0008EB27 /* XCTest.framework */ = {isa = PBXFileReference; lastKnownFileType = wrapper.framework; name = XCTest.framework; path = Library/Frameworks/XCTest.framework; sourceTree = DEVELOPER_DIR; };
		0BA0FCFC1948C88B0008EB27 /* Doodle JumpTests-Info.plist */ = {isa = PBXFileReference; lastKnownFileType = text.plist.xml; path = "Doodle JumpTests-Info.plist"; sourceTree = "<group>"; };
		0BA0FCFE1948C88B0008EB27 /* en */ = {isa = PBXFileReference; lastKnownFileType = text.plist.strings; name = en; path = en.lproj/InfoPlist.strings; sourceTree = "<group>"; };
		0BA0FD001948C88B0008EB27 /* Doodle_JumpTests.m */ = {isa = PBXFileReference; lastKnownFileType = sourcecode.c.objc; path = Doodle_JumpTests.m; sourceTree = "<group>"; };
		0BA0FD121948C9F00008EB27 /* BallNormal.png */ = {isa = PBXFileReference; lastKnownFileType = image.png; path = BallNormal.png; sourceTree = "<group>"; };
		0BA0FD131948C9F00008EB27 /* Flat.png */ = {isa = PBXFileReference; lastKnownFileType = image.png; path = Flat.png; sourceTree = "<group>"; };
		0BA0FD141948C9F00008EB27 /* Platform.png */ = {isa = PBXFileReference; lastKnownFileType = image.png; path = Platform.png; sourceTree = "<group>"; };
		0BA0FD151948C9F00008EB27 /* SlightlySquished.png */ = {isa = PBXFileReference; lastKnownFileType = image.png; path = SlightlySquished.png; sourceTree = "<group>"; };
		0BA0FD1A1948CC750008EB27 /* Game.h */ = {isa = PBXFileReference; fileEncoding = 4; lastKnownFileType = sourcecode.c.h; name = Game.h; path = ../Game.h; sourceTree = "<group>"; };
		0BA0FD1B1948CC750008EB27 /* Game.m */ = {isa = PBXFileReference; fileEncoding = 4; lastKnownFileType = sourcecode.c.objc; name = Game.m; path = ../Game.m; sourceTree = "<group>"; };
/* End PBXFileReference section */

/* Begin PBXFrameworksBuildPhase section */
		0BA0FCCF1948C88B0008EB27 /* Frameworks */ = {
			isa = PBXFrameworksBuildPhase;
			buildActionMask = 2147483647;
			files = (
				0BA0FCD81948C88B0008EB27 /* CoreGraphics.framework in Frameworks */,
				0BA0FCDA1948C88B0008EB27 /* UIKit.framework in Frameworks */,
				0BA0FCD61948C88B0008EB27 /* Foundation.framework in Frameworks */,
			);
			runOnlyForDeploymentPostprocessing = 0;
		};
		0BA0FCF01948C88B0008EB27 /* Frameworks */ = {
			isa = PBXFrameworksBuildPhase;
			buildActionMask = 2147483647;
			files = (
				0BA0FCF51948C88B0008EB27 /* XCTest.framework in Frameworks */,
				0BA0FCF71948C88B0008EB27 /* UIKit.framework in Frameworks */,
				0BA0FCF61948C88B0008EB27 /* Foundation.framework in Frameworks */,
			);
			runOnlyForDeploymentPostprocessing = 0;
		};
/* End PBXFrameworksBuildPhase section */

/* Begin PBXGroup section */
		0BA0FCC91948C88B0008EB27 = {
			isa = PBXGroup;
			children = (
				0BA0FCDB1948C88B0008EB27 /* Doodle Jump */,
				0BA0FCFA1948C88B0008EB27 /* Doodle JumpTests */,
				0BA0FCD41948C88B0008EB27 /* Frameworks */,
				0BA0FCD31948C88B0008EB27 /* Products */,
			);
			sourceTree = "<group>";
		};
		0BA0FCD31948C88B0008EB27 /* Products */ = {
			isa = PBXGroup;
			children = (
				0BA0FCD21948C88B0008EB27 /* Doodle Jump.app */,
				0BA0FCF31948C88B0008EB27 /* Doodle JumpTests.xctest */,
			);
			name = Products;
			sourceTree = "<group>";
		};
		0BA0FCD41948C88B0008EB27 /* Frameworks */ = {
			isa = PBXGroup;
			children = (
				0BA0FCD51948C88B0008EB27 /* Foundation.framework */,
				0BA0FCD71948C88B0008EB27 /* CoreGraphics.framework */,
				0BA0FCD91948C88B0008EB27 /* UIKit.framework */,
				0BA0FCF41948C88B0008EB27 /* XCTest.framework */,
			);
			name = Frameworks;
			sourceTree = "<group>";
		};
		0BA0FCDB1948C88B0008EB27 /* Doodle Jump */ = {
			isa = PBXGroup;
			children = (
				0BA0FCE41948C88B0008EB27 /* AppDelegate.h */,
				0BA0FCE51948C88B0008EB27 /* AppDelegate.m */,
				0BA0FCE71948C88B0008EB27 /* Main.storyboard */,
				0BA0FCEA1948C88B0008EB27 /* ViewController.h */,
				0BA0FCEB1948C88B0008EB27 /* ViewController.m */,
				0BA0FD1A1948CC750008EB27 /* Game.h */,
				0BA0FD1B1948CC750008EB27 /* Game.m */,
				0BA0FCED1948C88B0008EB27 /* Images.xcassets */,
				0BA0FCDC1948C88B0008EB27 /* Supporting Files */,
			);
			path = "Doodle Jump";
			sourceTree = "<group>";
		};
		0BA0FCDC1948C88B0008EB27 /* Supporting Files */ = {
			isa = PBXGroup;
			children = (
				0BA0FD121948C9F00008EB27 /* BallNormal.png */,
				0BA0FD131948C9F00008EB27 /* Flat.png */,
				0BA0FD141948C9F00008EB27 /* Platform.png */,
				0BA0FD151948C9F00008EB27 /* SlightlySquished.png */,
				0BA0FCDD1948C88B0008EB27 /* Doodle Jump-Info.plist */,
				0BA0FCDE1948C88B0008EB27 /* InfoPlist.strings */,
				0BA0FCE11948C88B0008EB27 /* main.m */,
				0BA0FCE31948C88B0008EB27 /* Doodle Jump-Prefix.pch */,
			);
			name = "Supporting Files";
			sourceTree = "<group>";
		};
		0BA0FCFA1948C88B0008EB27 /* Doodle JumpTests */ = {
			isa = PBXGroup;
			children = (
				0BA0FD001948C88B0008EB27 /* Doodle_JumpTests.m */,
				0BA0FCFB1948C88B0008EB27 /* Supporting Files */,
			);
			path = "Doodle JumpTests";
			sourceTree = "<group>";
		};
		0BA0FCFB1948C88B0008EB27 /* Supporting Files */ = {
			isa = PBXGroup;
			children = (
				0BA0FCFC1948C88B0008EB27 /* Doodle JumpTests-Info.plist */,
				0BA0FCFD1948C88B0008EB27 /* InfoPlist.strings */,
			);
			name = "Supporting Files";
			sourceTree = "<group>";
		};
/* End PBXGroup section */

/* Begin PBXNativeTarget section */
		0BA0FCD11948C88B0008EB27 /* Doodle Jump */ = {
			isa = PBXNativeTarget;
			buildConfigurationList = 0BA0FD041948C88B0008EB27 /* Build configuration list for PBXNativeTarget "Doodle Jump" */;
			buildPhases = (
				0BA0FCCE1948C88B0008EB27 /* Sources */,
				0BA0FCCF1948C88B0008EB27 /* Frameworks */,
				0BA0FCD01948C88B0008EB27 /* Resources */,
			);
			buildRules = (
			);
			dependencies = (
			);
			name = "Doodle Jump";
			productName = "Doodle Jump";
			productReference = 0BA0FCD21948C88B0008EB27 /* Doodle Jump.app */;
			productType = "com.apple.product-type.application";
		};
		0BA0FCF21948C88B0008EB27 /* Doodle JumpTests */ = {
			isa = PBXNativeTarget;
			buildConfigurationList = 0BA0FD071948C88B0008EB27 /* Build configuration list for PBXNativeTarget "Doodle JumpTests" */;
			buildPhases = (
				0BA0FCEF1948C88B0008EB27 /* Sources */,
				0BA0FCF01948C88B0008EB27 /* Frameworks */,
				0BA0FCF11948C88B0008EB27 /* Resources */,
			);
			buildRules = (
			);
			dependencies = (
				0BA0FCF91948C88B0008EB27 /* PBXTargetDependency */,
			);
			name = "Doodle JumpTests";
			productName = "Doodle JumpTests";
			productReference = 0BA0FCF31948C88B0008EB27 /* Doodle JumpTests.xctest */;
			productType = "com.apple.product-type.bundle.unit-test";
		};
/* End PBXNativeTarget section */

/* Begin PBXProject section */
		0BA0FCCA1948C88B0008EB27 /* Project object */ = {
			isa = PBXProject;
			attributes = {
				LastUpgradeCheck = 0510;
				ORGANIZATIONNAME = DuberFam;
				TargetAttributes = {
					0BA0FCF21948C88B0008EB27 = {
						TestTargetID = 0BA0FCD11948C88B0008EB27;
					};
				};
			};
			buildConfigurationList = 0BA0FCCD1948C88B0008EB27 /* Build configuration list for PBXProject "Doodle Jump" */;
			compatibilityVersion = "Xcode 3.2";
			developmentRegion = English;
			hasScannedForEncodings = 0;
			knownRegions = (
				en,
				Base,
			);
			mainGroup = 0BA0FCC91948C88B0008EB27;
			productRefGroup = 0BA0FCD31948C88B0008EB27 /* Products */;
			projectDirPath = "";
			projectRoot = "";
			targets = (
				0BA0FCD11948C88B0008EB27 /* Doodle Jump */,
				0BA0FCF21948C88B0008EB27 /* Doodle JumpTests */,
			);
		};
/* End PBXProject section */

/* Begin PBXResourcesBuildPhase section */
		0BA0FCD01948C88B0008EB27 /* Resources */ = {
			isa = PBXResourcesBuildPhase;
			buildActionMask = 2147483647;
			files = (
				0BA0FD191948C9F00008EB27 /* SlightlySquished.png in Resources */,
				0BA0FCEE1948C88B0008EB27 /* Images.xcassets in Resources */,
				0BA0FD161948C9F00008EB27 /* BallNormal.png in Resources */,
				0BA0FD171948C9F00008EB27 /* Flat.png in Resources */,
				0BA0FCE01948C88B0008EB27 /* InfoPlist.strings in Resources */,
				0BA0FD181948C9F00008EB27 /* Platform.png in Resources */,
				0BA0FCE91948C88B0008EB27 /* Main.storyboard in Resources */,
			);
			runOnlyForDeploymentPostprocessing = 0;
		};
		0BA0FCF11948C88B0008EB27 /* Resources */ = {
			isa = PBXResourcesBuildPhase;
			buildActionMask = 2147483647;
			files = (
				0BA0FCFF1948C88B0008EB27 /* InfoPlist.strings in Resources */,
			);
			runOnlyForDeploymentPostprocessing = 0;
		};
/* End PBXResourcesBuildPhase section */

/* Begin PBXSourcesBuildPhase section */
		0BA0FCCE1948C88B0008EB27 /* Sources */ = {
			isa = PBXSourcesBuildPhase;
			buildActionMask = 2147483647;
			files = (
				0BA0FCEC1948C88B0008EB27 /* ViewController.m in Sources */,
				0BA0FCE61948C88B0008EB27 /* AppDelegate.m in Sources */,
				0BA0FCE21948C88B0008EB27 /* main.m in Sources */,
				0BA0FD1C1948CC750008EB27 /* Game.m in Sources */,
			);
			runOnlyForDeploymentPostprocessing = 0;
		};
		0BA0FCEF1948C88B0008EB27 /* Sources */ = {
			isa = PBXSourcesBuildPhase;
			buildActionMask = 2147483647;
			files = (
				0BA0FD011948C88B0008EB27 /* Doodle_JumpTests.m in Sources */,
			);
			runOnlyForDeploymentPostprocessing = 0;
		};
/* End PBXSourcesBuildPhase section */

/* Begin PBXTargetDependency section */
		0BA0FCF91948C88B0008EB27 /* PBXTargetDependency */ = {
			isa = PBXTargetDependency;
			target = 0BA0FCD11948C88B0008EB27 /* Doodle Jump */;
			targetProxy = 0BA0FCF81948C88B0008EB27 /* PBXContainerItemProxy */;
		};
/* End PBXTargetDependency section */

/* Begin PBXVariantGroup section */
		0BA0FCDE1948C88B0008EB27 /* InfoPlist.strings */ = {
			isa = PBXVariantGroup;
			children = (
				0BA0FCDF1948C88B0008EB27 /* en */,
			);
			name = InfoPlist.strings;
			sourceTree = "<group>";
		};
		0BA0FCE71948C88B0008EB27 /* Main.storyboard */ = {
			isa = PBXVariantGroup;
			children = (
				0BA0FCE81948C88B0008EB27 /* Base */,
			);
			name = Main.storyboard;
			sourceTree = "<group>";
		};
		0BA0FCFD1948C88B0008EB27 /* InfoPlist.strings */ = {
			isa = PBXVariantGroup;
			children = (
				0BA0FCFE1948C88B0008EB27 /* en */,
			);
			name = InfoPlist.strings;
			sourceTree = "<group>";
		};
/* End PBXVariantGroup section */

/* Begin XCBuildConfiguration section */
		0BA0FD021948C88B0008EB27 /* Debug */ = {
			isa = XCBuildConfiguration;
			buildSettings = {
				ALWAYS_SEARCH_USER_PATHS = NO;
				CLANG_CXX_LANGUAGE_STANDARD = "gnu++0x";
				CLANG_CXX_LIBRARY = "libc++";
				CLANG_ENABLE_MODULES = YES;
				CLANG_ENABLE_OBJC_ARC = YES;
				CLANG_WARN_BOOL_CONVERSION = YES;
				CLANG_WARN_CONSTANT_CONVERSION = YES;
				CLANG_WARN_DIRECT_OBJC_ISA_USAGE = YES_ERROR;
				CLANG_WARN_EMPTY_BODY = YES;
				CLANG_WARN_ENUM_CONVERSION = YES;
				CLANG_WARN_INT_CONVERSION = YES;
				CLANG_WARN_OBJC_ROOT_CLASS = YES_ERROR;
				CLANG_WARN__DUPLICATE_METHOD_MATCH = YES;
				"CODE_SIGN_IDENTITY[sdk=iphoneos*]" = "iPhone Developer";
				COPY_PHASE_STRIP = NO;
				GCC_C_LANGUAGE_STANDARD = gnu99;
				GCC_DYNAMIC_NO_PIC = NO;
				GCC_OPTIMIZATION_LEVEL = 0;
				GCC_PREPROCESSOR_DEFINITIONS = (
					"DEBUG=1",
					"$(inherited)",
				);
				GCC_SYMBOLS_PRIVATE_EXTERN = NO;
				GCC_WARN_64_TO_32_BIT_CONVERSION = YES;
				GCC_WARN_ABOUT_RETURN_TYPE = YES_ERROR;
				GCC_WARN_UNDECLARED_SELECTOR = YES;
				GCC_WARN_UNINITIALIZED_AUTOS = YES_AGGRESSIVE;
				GCC_WARN_UNUSED_FUNCTION = YES;
				GCC_WARN_UNUSED_VARIABLE = YES;
				IPHONEOS_DEPLOYMENT_TARGET = 7.1;
				ONLY_ACTIVE_ARCH = YES;
				SDKROOT = iphoneos;
			};
			name = Debug;
		};
		0BA0FD031948C88B0008EB27 /* Release */ = {
			isa = XCBuildConfiguration;
			buildSettings = {
				ALWAYS_SEARCH_USER_PATHS = NO;
				CLANG_CXX_LANGUAGE_STANDARD = "gnu++0x";
				CLANG_CXX_LIBRARY = "libc++";
				CLANG_ENABLE_MODULES = YES;
				CLANG_ENABLE_OBJC_ARC = YES;
				CLANG_WARN_BOOL_CONVERSION = YES;
				CLANG_WARN_CONSTANT_CONVERSION = YES;
				CLANG_WARN_DIRECT_OBJC_ISA_USAGE = YES_ERROR;
				CLANG_WARN_EMPTY_BODY = YES;
				CLANG_WARN_ENUM_CONVERSION = YES;
				CLANG_WARN_INT_CONVERSION = YES;
				CLANG_WARN_OBJC_ROOT_CLASS = YES_ERROR;
				CLANG_WARN__DUPLICATE_METHOD_MATCH = YES;
				"CODE_SIGN_IDENTITY[sdk=iphoneos*]" = "iPhone Developer";
				COPY_PHASE_STRIP = YES;
				ENABLE_NS_ASSERTIONS = NO;
				GCC_C_LANGUAGE_STANDARD = gnu99;
				GCC_WARN_64_TO_32_BIT_CONVERSION = YES;
				GCC_WARN_ABOUT_RETURN_TYPE = YES_ERROR;
				GCC_WARN_UNDECLARED_SELECTOR = YES;
				GCC_WARN_UNINITIALIZED_AUTOS = YES_AGGRESSIVE;
				GCC_WARN_UNUSED_FUNCTION = YES;
				GCC_WARN_UNUSED_VARIABLE = YES;
				IPHONEOS_DEPLOYMENT_TARGET = 7.1;
				SDKROOT = iphoneos;
				VALIDATE_PRODUCT = YES;
			};
			name = Release;
		};
		0BA0FD051948C88B0008EB27 /* Debug */ = {
			isa = XCBuildConfiguration;
			buildSettings = {
				ASSETCATALOG_COMPILER_APPICON_NAME = AppIcon;
				ASSETCATALOG_COMPILER_LAUNCHIMAGE_NAME = LaunchImage;
				GCC_PRECOMPILE_PREFIX_HEADER = YES;
				GCC_PREFIX_HEADER = "Doodle Jump/Doodle Jump-Prefix.pch";
				INFOPLIST_FILE = "Doodle Jump/Doodle Jump-Info.plist";
				PRODUCT_NAME = "$(TARGET_NAME)";
				WRAPPER_EXTENSION = app;
			};
			name = Debug;
		};
		0BA0FD061948C88B0008EB27 /* Release */ = {
			isa = XCBuildConfiguration;
			buildSettings = {
				ASSETCATALOG_COMPILER_APPICON_NAME = AppIcon;
				ASSETCATALOG_COMPILER_LAUNCHIMAGE_NAME = LaunchImage;
				GCC_PRECOMPILE_PREFIX_HEADER = YES;
				GCC_PREFIX_HEADER = "Doodle Jump/Doodle Jump-Prefix.pch";
				INFOPLIST_FILE = "Doodle Jump/Doodle Jump-Info.plist";
				PRODUCT_NAME = "$(TARGET_NAME)";
				WRAPPER_EXTENSION = app;
			};
			name = Release;
		};
		0BA0FD081948C88B0008EB27 /* Debug */ = {
			isa = XCBuildConfiguration;
			buildSettings = {
				BUNDLE_LOADER = "$(BUILT_PRODUCTS_DIR)/Doodle Jump.app/Doodle Jump";
				FRAMEWORK_SEARCH_PATHS = (
					"$(SDKROOT)/Developer/Library/Frameworks",
					"$(inherited)",
					"$(DEVELOPER_FRAMEWORKS_DIR)",
				);
				GCC_PRECOMPILE_PREFIX_HEADER = YES;
				GCC_PREFIX_HEADER = "Doodle Jump/Doodle Jump-Prefix.pch";
				GCC_PREPROCESSOR_DEFINITIONS = (
					"DEBUG=1",
					"$(inherited)",
				);
				INFOPLIST_FILE = "Doodle JumpTests/Doodle JumpTests-Info.plist";
				PRODUCT_NAME = "$(TARGET_NAME)";
				TEST_HOST = "$(BUNDLE_LOADER)";
				WRAPPER_EXTENSION = xctest;
			};
			name = Debug;
		};
		0BA0FD091948C88B0008EB27 /* Release */ = {
			isa = XCBuildConfiguration;
			buildSettings = {
				BUNDLE_LOADER = "$(BUILT_PRODUCTS_DIR)/Doodle Jump.app/Doodle Jump";
				FRAMEWORK_SEARCH_PATHS = (
					"$(SDKROOT)/Developer/Library/Frameworks",
					"$(inherited)",
					"$(DEVELOPER_FRAMEWORKS_DIR)",
				);
				GCC_PRECOMPILE_PREFIX_HEADER = YES;
				GCC_PREFIX_HEADER = "Doodle Jump/Doodle Jump-Prefix.pch";
				INFOPLIST_FILE = "Doodle JumpTests/Doodle JumpTests-Info.plist";
				PRODUCT_NAME = "$(TARGET_NAME)";
				TEST_HOST = "$(BUNDLE_LOADER)";
				WRAPPER_EXTENSION = xctest;
			};
			name = Release;
		};
/* End XCBuildConfiguration section */

/* Begin XCConfigurationList section */
		0BA0FCCD1948C88B0008EB27 /* Build configuration list for PBXProject "Doodle Jump" */ = {
			isa = XCConfigurationList;
			buildConfigurations = (
				0BA0FD021948C88B0008EB27 /* Debug */,
				0BA0FD031948C88B0008EB27 /* Release */,
			);
			defaultConfigurationIsVisible = 0;
			defaultConfigurationName = Release;
		};
		0BA0FD041948C88B0008EB27 /* Build configuration list for PBXNativeTarget "Doodle Jump" */ = {
			isa = XCConfigurationList;
			buildConfigurations = (
				0BA0FD051948C88B0008EB27 /* Debug */,
				0BA0FD061948C88B0008EB27 /* Release */,
			);
			defaultConfigurationIsVisible = 0;
			defaultConfigurationName = Release;
		};
		0BA0FD071948C88B0008EB27 /* Build configuration list for PBXNativeTarget "Doodle JumpTests" */ = {
			isa = XCConfigurationList;
			buildConfigurations = (
				0BA0FD081948C88B0008EB27 /* Debug */,
				0BA0FD091948C88B0008EB27 /* Release */,
			);
			defaultConfigurationIsVisible = 0;
			defaultConfigurationName = Release;
		};
/* End XCConfigurationList section */
	};
	rootObject = 0BA0FCCA1948C88B0008EB27 /* Project object */;
}
